
Microsoft Visual Studio Solution File, Format Version 12.00
# Visual Studio Version 16
VisualStudioVersion = 16.0.30907.101
MinimumVisualStudioVersion = 10.0.40219.1
Project("{FAE04EC0-301F-11D3-BF4B-00C04F79EFBC}") = "Teste.Model", "Teste.Model.csproj", "{CE9A975C-E55F-4402-AD54-CE7C5E3320D9}"
EndProject
Project("{FAE04EC0-301F-11D3-BF4B-00C04F79EFBC}") = "TesteForms.Desktop", "..\TesteForms\TesteForms.Desktop.csproj", "{8BFD9CC7-8965-4164-9BAF-544DDC68212B}"
	ProjectSection(ProjectDependencies) = postProject
		{CE9A975C-E55F-4402-AD54-CE7C5E3320D9} = {CE9A975C-E55F-4402-AD54-CE7C5E3320D9}
	EndProjectSection
EndProject
Global
	GlobalSection(SolutionConfigurationPlatforms) = preSolution
		Debug|Any CPU = Debug|Any CPU
		Release|Any CPU = Release|Any CPU
	EndGlobalSection
	GlobalSection(ProjectConfigurationPlatforms) = postSolution
		{CE9A975C-E55F-4402-AD54-CE7C5E3320D9}.Debug|Any CPU.ActiveCfg = Debug|Any CPU
		{CE9A975C-E55F-4402-AD54-CE7C5E3320D9}.Debug|Any CPU.Build.0 = Debug|Any CPU
		{CE9A975C-E55F-4402-AD54-CE7C5E3320D9}.Release|Any CPU.ActiveCfg = Release|Any CPU
		{CE9A975C-E55F-4402-AD54-CE7C5E3320D9}.Release|Any CPU.Build.0 = Release|Any CPU
		{8BFD9CC7-8965-4164-9BAF-544DDC68212B}.Debug|Any CPU.ActiveCfg = Debug|Any CPU
		{8BFD9CC7-8965-4164-9BAF-544DDC68212B}.Debug|Any CPU.Build.0 = Debug|Any CPU
		{8BFD9CC7-8965-4164-9BAF-544DDC68212B}.Release|Any CPU.ActiveCfg = Release|Any CPU
		{8BFD9CC7-8965-4164-9BAF-544DDC68212B}.Release|Any CPU.Build.0 = Release|Any CPU
	EndGlobalSection
	GlobalSection(SolutionProperties) = preSolution
		HideSolutionNode = FALSE
	EndGlobalSection
	GlobalSection(ExtensibilityGlobals) = postSolution
		SolutionGuid = {F0AC0A9D-6E7C-4F43-8AA5-9C6C07ABA109}
	EndGlobalSection
EndGlobal
